
Microsoft Visual Studio Solution File, Format Version 12.00
# Visual Studio Version 16
VisualStudioVersion = 16.0.29001.49
MinimumVisualStudioVersion = 10.0.40219.1
Project("{FAE04EC0-301F-11D3-BF4B-00C04F79EFBC}") = "Vidly", "Vidly\Vidly.csproj", "{46657165-5009-4714-AAF3-35CBE89E15DF}"
EndProject
Global
	GlobalSection(SolutionConfigurationPlatforms) = preSolution
		Debug|Any CPU = Debug|Any CPU
		Release|Any CPU = Release|Any CPU
	EndGlobalSection
	GlobalSection(ProjectConfigurationPlatforms) = postSolution
		{46657165-5009-4714-AAF3-35CBE89E15DF}.Debug|Any CPU.ActiveCfg = Debug|Any CPU
		{46657165-5009-4714-AAF3-35CBE89E15DF}.Debug|Any CPU.Build.0 = Debug|Any CPU
		{46657165-5009-4714-AAF3-35CBE89E15DF}.Release|Any CPU.ActiveCfg = Release|Any CPU
		{46657165-5009-4714-AAF3-35CBE89E15DF}.Release|Any CPU.Build.0 = Release|Any CPU
	EndGlobalSection
	GlobalSection(SolutionProperties) = preSolution
		HideSolutionNode = FALSE
	EndGlobalSection
	GlobalSection(ExtensibilityGlobals) = postSolution
		SolutionGuid = {679EB540-079A-4296-A213-19A7D8D2D96C}
	EndGlobalSection
EndGlobal
